
Microsoft Visual Studio Solution File, Format Version 12.00
# Visual Studio Version 17
VisualStudioVersion = 17.13.35825.156
MinimumVisualStudioVersion = 10.0.40219.1
Project("{FAE04EC0-301F-11D3-BF4B-00C04F79EFBC}") = "Ronalfy_Jimenez_P2_Ap1", "Ronalfy_Jimenez_P2_Ap1.csproj", "{8B3F8D62-E777-4D50-82CD-6494DB5BC406}"
EndProject
Global
	GlobalSection(SolutionConfigurationPlatforms) = preSolution
		Debug|Any CPU = Debug|Any CPU
		Release|Any CPU = Release|Any CPU
	EndGlobalSection
	GlobalSection(ProjectConfigurationPlatforms) = postSolution
		{8B3F8D62-E777-4D50-82CD-6494DB5BC406}.Debug|Any CPU.ActiveCfg = Debug|Any CPU
		{8B3F8D62-E777-4D50-82CD-6494DB5BC406}.Debug|Any CPU.Build.0 = Debug|Any CPU
		{8B3F8D62-E777-4D50-82CD-6494DB5BC406}.Release|Any CPU.ActiveCfg = Release|Any CPU
		{8B3F8D62-E777-4D50-82CD-6494DB5BC406}.Release|Any CPU.Build.0 = Release|Any CPU
	EndGlobalSection
	GlobalSection(SolutionProperties) = preSolution
		HideSolutionNode = FALSE
	EndGlobalSection
	GlobalSection(ExtensibilityGlobals) = postSolution
		SolutionGuid = {6CA3023F-7BDE-49A3-B839-DB4B78D7B3EF}
	EndGlobalSection
EndGlobal
